
Microsoft Visual Studio Solution File, Format Version 12.00
# Visual Studio Version 17
VisualStudioVersion = 17.1.32414.318
MinimumVisualStudioVersion = 10.0.40219.1
Project("{FAE04EC0-301F-11D3-BF4B-00C04F79EFBC}") = "AuthReally", "AuthReally\AuthReally.csproj", "{E3246086-5A94-4729-B2A7-0281D703384F}"
EndProject
Project("{FAE04EC0-301F-11D3-BF4B-00C04F79EFBC}") = "Client", "Client\Client.csproj", "{38DA17C5-A55E-442C-8C1E-76893D846D39}"
EndProject
Global
	GlobalSection(SolutionConfigurationPlatforms) = preSolution
		Debug|Any CPU = Debug|Any CPU
		Release|Any CPU = Release|Any CPU
	EndGlobalSection
	GlobalSection(ProjectConfigurationPlatforms) = postSolution
		{E3246086-5A94-4729-B2A7-0281D703384F}.Debug|Any CPU.ActiveCfg = Debug|Any CPU
		{E3246086-5A94-4729-B2A7-0281D703384F}.Debug|Any CPU.Build.0 = Debug|Any CPU
		{E3246086-5A94-4729-B2A7-0281D703384F}.Release|Any CPU.ActiveCfg = Release|Any CPU
		{E3246086-5A94-4729-B2A7-0281D703384F}.Release|Any CPU.Build.0 = Release|Any CPU
		{38DA17C5-A55E-442C-8C1E-76893D846D39}.Debug|Any CPU.ActiveCfg = Debug|Any CPU
		{38DA17C5-A55E-442C-8C1E-76893D846D39}.Debug|Any CPU.Build.0 = Debug|Any CPU
		{38DA17C5-A55E-442C-8C1E-76893D846D39}.Release|Any CPU.ActiveCfg = Release|Any CPU
		{38DA17C5-A55E-442C-8C1E-76893D846D39}.Release|Any CPU.Build.0 = Release|Any CPU
	EndGlobalSection
	GlobalSection(SolutionProperties) = preSolution
		HideSolutionNode = FALSE
	EndGlobalSection
	GlobalSection(ExtensibilityGlobals) = postSolution
		SolutionGuid = {2F478DA0-9C35-49A6-8FD6-4EA1DF7B879A}
	EndGlobalSection
EndGlobal
